// !$*UTF8*$!
{
	archiveVersion = 1;
	classes = {
	};
	objectVersion = 55;
	objects = {

/* Begin PBXBuildFile section */
		761E382026DCDC7000FC7B1D /* main.swift in Sources */ = {isa = PBXBuildFile; fileRef = 761E381F26DCDC7000FC7B1D /* main.swift */; };
		761E382826DCDCD700FC7B1D /* BigInt in Frameworks */ = {isa = PBXBuildFile; productRef = 761E382726DCDCD700FC7B1D /* BigInt */; };
		761E382A26DCDD2A00FC7B1D /* FactorialDictionary.swift in Sources */ = {isa = PBXBuildFile; fileRef = 761E382926DCDD2A00FC7B1D /* FactorialDictionary.swift */; };
		761E382C26DCE03400FC7B1D /* ZeroBasedAsyncCounter.swift in Sources */ = {isa = PBXBuildFile; fileRef = 761E382B26DCE03400FC7B1D /* ZeroBasedAsyncCounter.swift */; };
/* End PBXBuildFile section */

/* Begin PBXCopyFilesBuildPhase section */
		761E381A26DCDC7000FC7B1D /* CopyFiles */ = {
			isa = PBXCopyFilesBuildPhase;
			buildActionMask = 2147483647;
			dstPath = /usr/share/man/man1/;
			dstSubfolderSpec = 0;
			files = (
			);
			runOnlyForDeploymentPostprocessing = 1;
		};
/* End PBXCopyFilesBuildPhase section */

/* Begin PBXFileReference section */
		761E381C26DCDC7000FC7B1D /* FactorialDictionary */ = {isa = PBXFileReference; explicitFileType = "compiled.mach-o.executable"; includeInIndex = 0; path = FactorialDictionary; sourceTree = BUILT_PRODUCTS_DIR; };
		761E381F26DCDC7000FC7B1D /* main.swift */ = {isa = PBXFileReference; lastKnownFileType = sourcecode.swift; path = main.swift; sourceTree = "<group>"; };
		761E382926DCDD2A00FC7B1D /* FactorialDictionary.swift */ = {isa = PBXFileReference; lastKnownFileType = sourcecode.swift; path = FactorialDictionary.swift; sourceTree = "<group>"; };
		761E382B26DCE03400FC7B1D /* ZeroBasedAsyncCounter.swift */ = {isa = PBXFileReference; lastKnownFileType = sourcecode.swift; path = ZeroBasedAsyncCounter.swift; sourceTree = "<group>"; };
/* End PBXFileReference section */

/* Begin PBXFrameworksBuildPhase section */
		761E381926DCDC7000FC7B1D /* Frameworks */ = {
			isa = PBXFrameworksBuildPhase;
			buildActionMask = 2147483647;
			files = (
				761E382826DCDCD700FC7B1D /* BigInt in Frameworks */,
			);
			runOnlyForDeploymentPostprocessing = 0;
		};
/* End PBXFrameworksBuildPhase section */

/* Begin PBXGroup section */
		761E381326DCDC7000FC7B1D = {
			isa = PBXGroup;
			children = (
				761E381E26DCDC7000FC7B1D /* FactorialDictionary */,
				761E381D26DCDC7000FC7B1D /* Products */,
			);
			sourceTree = "<group>";
		};
		761E381D26DCDC7000FC7B1D /* Products */ = {
			isa = PBXGroup;
			children = (
				761E381C26DCDC7000FC7B1D /* FactorialDictionary */,
			);
			name = Products;
			sourceTree = "<group>";
		};
		761E381E26DCDC7000FC7B1D /* FactorialDictionary */ = {
			isa = PBXGroup;
			children = (
				761E381F26DCDC7000FC7B1D /* main.swift */,
				761E382B26DCE03400FC7B1D /* ZeroBasedAsyncCounter.swift */,
				761E382926DCDD2A00FC7B1D /* FactorialDictionary.swift */,
			);
			path = FactorialDictionary;
			sourceTree = "<group>";
		};
/* End PBXGroup section */

/* Begin PBXNativeTarget section */
		761E381B26DCDC7000FC7B1D /* FactorialDictionary */ = {
			isa = PBXNativeTarget;
			buildConfigurationList = 761E382326DCDC7000FC7B1D /* Build configuration list for PBXNativeTarget "FactorialDictionary" */;
			buildPhases = (
				761E381826DCDC7000FC7B1D /* Sources */,
				761E381926DCDC7000FC7B1D /* Frameworks */,
				761E381A26DCDC7000FC7B1D /* CopyFiles */,
			);
			buildRules = (
			);
			dependencies = (
			);
			name = FactorialDictionary;
			packageProductDependencies = (
				761E382726DCDCD700FC7B1D /* BigInt */,
			);
			productName = FactorialDictionary;
			productReference = 761E381C26DCDC7000FC7B1D /* FactorialDictionary */;
			productType = "com.apple.product-type.tool";
		};
/* End PBXNativeTarget section */

/* Begin PBXProject section */
		761E381426DCDC7000FC7B1D /* Project object */ = {
			isa = PBXProject;
			attributes = {
				BuildIndependentTargetsInParallel = 1;
				LastSwiftUpdateCheck = 1300;
				LastUpgradeCheck = 1300;
				TargetAttributes = {
					761E381B26DCDC7000FC7B1D = {
						CreatedOnToolsVersion = 13.0;
					};
				};
			};
			buildConfigurationList = 761E381726DCDC7000FC7B1D /* Build configuration list for PBXProject "FactorialDictionary" */;
			compatibilityVersion = "Xcode 13.0";
			developmentRegion = en;
			hasScannedForEncodings = 0;
			knownRegions = (
				en,
				Base,
			);
			mainGroup = 761E381326DCDC7000FC7B1D;
			packageReferences = (
				761E382626DCDCD700FC7B1D /* XCRemoteSwiftPackageReference "BigInt" */,
			);
			productRefGroup = 761E381D26DCDC7000FC7B1D /* Products */;
			projectDirPath = "";
			projectRoot = "";
			targets = (
				761E381B26DCDC7000FC7B1D /* FactorialDictionary */,
			);
		};
/* End PBXProject section */

/* Begin PBXSourcesBuildPhase section */
		761E381826DCDC7000FC7B1D /* Sources */ = {
			isa = PBXSourcesBuildPhase;
			buildActionMask = 2147483647;
			files = (
				761E382026DCDC7000FC7B1D /* main.swift in Sources */,
				761E382A26DCDD2A00FC7B1D /* FactorialDictionary.swift in Sources */,
				761E382C26DCE03400FC7B1D /* ZeroBasedAsyncCounter.swift in Sources */,
			);
			runOnlyForDeploymentPostprocessing = 0;
		};
/* End PBXSourcesBuildPhase section */

/* Begin XCBuildConfiguration section */
		761E382126DCDC7000FC7B1D /* Debug */ = {
			isa = XCBuildConfiguration;
			buildSettings = {
				ALWAYS_SEARCH_USER_PATHS = NO;
				CLANG_ANALYZER_NONNULL = YES;
				CLANG_ANALYZER_NUMBER_OBJECT_CONVERSION = YES_AGGRESSIVE;
				CLANG_CXX_LANGUAGE_STANDARD = "gnu++17";
				CLANG_CXX_LIBRARY = "libc++";
				CLANG_ENABLE_MODULES = YES;
				CLANG_ENABLE_OBJC_ARC = YES;
				CLANG_ENABLE_OBJC_WEAK = YES;
				CLANG_WARN_BLOCK_CAPTURE_AUTORELEASING = YES;
				CLANG_WARN_BOOL_CONVERSION = YES;
				CLANG_WARN_COMMA = YES;
				CLANG_WARN_CONSTANT_CONVERSION = YES;
				CLANG_WARN_DEPRECATED_OBJC_IMPLEMENTATIONS = YES;
				CLANG_WARN_DIRECT_OBJC_ISA_USAGE = YES_ERROR;
				CLANG_WARN_DOCUMENTATION_COMMENTS = YES;
				CLANG_WARN_EMPTY_BODY = YES;
				CLANG_WARN_ENUM_CONVERSION = YES;
				CLANG_WARN_INFINITE_RECURSION = YES;
				CLANG_WARN_INT_CONVERSION = YES;
				CLANG_WARN_NON_LITERAL_NULL_CONVERSION = YES;
				CLANG_WARN_OBJC_IMPLICIT_RETAIN_SELF = YES;
				CLANG_WARN_OBJC_LITERAL_CONVERSION = YES;
				CLANG_WARN_OBJC_ROOT_CLASS = YES_ERROR;
				CLANG_WARN_QUOTED_INCLUDE_IN_FRAMEWORK_HEADER = YES;
				CLANG_WARN_RANGE_LOOP_ANALYSIS = YES;
				CLANG_WARN_STRICT_PROTOTYPES = YES;
				CLANG_WARN_SUSPICIOUS_MOVE = YES;
				CLANG_WARN_UNGUARDED_AVAILABILITY = YES_AGGRESSIVE;
				CLANG_WARN_UNREACHABLE_CODE = YES;
				CLANG_WARN__DUPLICATE_METHOD_MATCH = YES;
				COPY_PHASE_STRIP = NO;
				DEBUG_INFORMATION_FORMAT = dwarf;
				ENABLE_STRICT_OBJC_MSGSEND = YES;
				ENABLE_TESTABILITY = YES;
				GCC_C_LANGUAGE_STANDARD = gnu11;
				GCC_DYNAMIC_NO_PIC = NO;
				GCC_NO_COMMON_BLOCKS = YES;
				GCC_OPTIMIZATION_LEVEL = 0;
				GCC_PREPROCESSOR_DEFINITIONS = (
					"DEBUG=1",
					"$(inherited)",
				);
				GCC_WARN_64_TO_32_BIT_CONVERSION = YES;
				GCC_WARN_ABOUT_RETURN_TYPE = YES_ERROR;
				GCC_WARN_UNDECLARED_SELECTOR = YES;
				GCC_WARN_UNINITIALIZED_AUTOS = YES_AGGRESSIVE;
				GCC_WARN_UNUSED_FUNCTION = YES;
				GCC_WARN_UNUSED_VARIABLE = YES;
				MACOSX_DEPLOYMENT_TARGET = 12.0;
				MTL_ENABLE_DEBUG_INFO = INCLUDE_SOURCE;
				MTL_FAST_MATH = YES;
				ONLY_ACTIVE_ARCH = YES;
				SDKROOT = macosx;
				SWIFT_ACTIVE_COMPILATION_CONDITIONS = DEBUG;
				SWIFT_OPTIMIZATION_LEVEL = "-Onone";
			};
			name = Debug;
		};
		761E382226DCDC7000FC7B1D /* Release */ = {
			isa = XCBuildConfiguration;
			buildSettings = {
				ALWAYS_SEARCH_USER_PATHS = NO;
				CLANG_ANALYZER_NONNULL = YES;
				CLANG_ANALYZER_NUMBER_OBJECT_CONVERSION = YES_AGGRESSIVE;
				CLANG_CXX_LANGUAGE_STANDARD = "gnu++17";
				CLANG_CXX_LIBRARY = "libc++";
				CLANG_ENABLE_MODULES = YES;
				CLANG_ENABLE_OBJC_ARC = YES;
				CLANG_ENABLE_OBJC_WEAK = YES;
				CLANG_WARN_BLOCK_CAPTURE_AUTORELEASING = YES;
				CLANG_WARN_BOOL_CONVERSION = YES;
				CLANG_WARN_COMMA = YES;
				CLANG_WARN_CONSTANT_CONVERSION = YES;
				CLANG_WARN_DEPRECATED_OBJC_IMPLEMENTATIONS = YES;
				CLANG_WARN_DIRECT_OBJC_ISA_USAGE = YES_ERROR;
				CLANG_WARN_DOCUMENTATION_COMMENTS = YES;
				CLANG_WARN_EMPTY_BODY = YES;
				CLANG_WARN_ENUM_CONVERSION = YES;
				CLANG_WARN_INFINITE_RECURSION = YES;
				CLANG_WARN_INT_CONVERSION = YES;
				CLANG_WARN_NON_LITERAL_NULL_CONVERSION = YES;
				CLANG_WARN_OBJC_IMPLICIT_RETAIN_SELF = YES;
				CLANG_WARN_OBJC_LITERAL_CONVERSION = YES;
				CLANG_WARN_OBJC_ROOT_CLASS = YES_ERROR;
				CLANG_WARN_QUOTED_INCLUDE_IN_FRAMEWORK_HEADER = YES;
				CLANG_WARN_RANGE_LOOP_ANALYSIS = YES;
				CLANG_WARN_STRICT_PROTOTYPES = YES;
				CLANG_WARN_SUSPICIOUS_MOVE = YES;
				CLANG_WARN_UNGUARDED_AVAILABILITY = YES_AGGRESSIVE;
				CLANG_WARN_UNREACHABLE_CODE = YES;
				CLANG_WARN__DUPLICATE_METHOD_MATCH = YES;
				COPY_PHASE_STRIP = NO;
				DEBUG_INFORMATION_FORMAT = "dwarf-with-dsym";
				ENABLE_NS_ASSERTIONS = NO;
				ENABLE_STRICT_OBJC_MSGSEND = YES;
				GCC_C_LANGUAGE_STANDARD = gnu11;
				GCC_NO_COMMON_BLOCKS = YES;
				GCC_WARN_64_TO_32_BIT_CONVERSION = YES;
				GCC_WARN_ABOUT_RETURN_TYPE = YES_ERROR;
				GCC_WARN_UNDECLARED_SELECTOR = YES;
				GCC_WARN_UNINITIALIZED_AUTOS = YES_AGGRESSIVE;
				GCC_WARN_UNUSED_FUNCTION = YES;
				GCC_WARN_UNUSED_VARIABLE = YES;
				MACOSX_DEPLOYMENT_TARGET = 12.0;
				MTL_ENABLE_DEBUG_INFO = NO;
				MTL_FAST_MATH = YES;
				SDKROOT = macosx;
				SWIFT_COMPILATION_MODE = wholemodule;
				SWIFT_OPTIMIZATION_LEVEL = "-O";
			};
			name = Release;
		};
		761E382426DCDC7000FC7B1D /* Debug */ = {
			isa = XCBuildConfiguration;
			buildSettings = {
				CODE_SIGN_STYLE = Automatic;
				DEVELOPMENT_TEAM = 666VXET5X8;
				ENABLE_HARDENED_RUNTIME = YES;
				PRODUCT_NAME = "$(TARGET_NAME)";
				SWIFT_VERSION = 5.0;
			};
			name = Debug;
		};
		761E382526DCDC7000FC7B1D /* Release */ = {
			isa = XCBuildConfiguration;
			buildSettings = {
				CODE_SIGN_STYLE = Automatic;
				DEVELOPMENT_TEAM = 666VXET5X8;
				ENABLE_HARDENED_RUNTIME = YES;
				PRODUCT_NAME = "$(TARGET_NAME)";
				SWIFT_VERSION = 5.0;
			};
			name = Release;
		};
/* End XCBuildConfiguration section */

/* Begin XCConfigurationList section */
		761E381726DCDC7000FC7B1D /* Build configuration list for PBXProject "FactorialDictionary" */ = {
			isa = XCConfigurationList;
			buildConfigurations = (
				761E382126DCDC7000FC7B1D /* Debug */,
				761E382226DCDC7000FC7B1D /* Release */,
			);
			defaultConfigurationIsVisible = 0;
			defaultConfigurationName = Release;
		};
		761E382326DCDC7000FC7B1D /* Build configuration list for PBXNativeTarget "FactorialDictionary" */ = {
			isa = XCConfigurationList;
			buildConfigurations = (
				761E382426DCDC7000FC7B1D /* Debug */,
				761E382526DCDC7000FC7B1D /* Release */,
			);
			defaultConfigurationIsVisible = 0;
			defaultConfigurationName = Release;
		};
/* End XCConfigurationList section */

/* Begin XCRemoteSwiftPackageReference section */
		761E382626DCDCD700FC7B1D /* XCRemoteSwiftPackageReference "BigInt" */ = {
			isa = XCRemoteSwiftPackageReference;
			repositoryURL = "https://github.com/attaswift/BigInt.git";
			requirement = {
				branch = master;
				kind = branch;
			};
		};
/* End XCRemoteSwiftPackageReference section */

/* Begin XCSwiftPackageProductDependency section */
		761E382726DCDCD700FC7B1D /* BigInt */ = {
			isa = XCSwiftPackageProductDependency;
			package = 761E382626DCDCD700FC7B1D /* XCRemoteSwiftPackageReference "BigInt" */;
			productName = BigInt;
		};
/* End XCSwiftPackageProductDependency section */
	};
	rootObject = 761E381426DCDC7000FC7B1D /* Project object */;
}
